
Microsoft Visual Studio Solution File, Format Version 12.00
# Visual Studio 15
VisualStudioVersion = 15.0.27428.2037
MinimumVisualStudioVersion = 10.0.40219.1
Project("{FAE04EC0-301F-11D3-BF4B-00C04F79EFBC}") = "Lab5RecursionVersion", "Lab5RecursionVersion\Lab5RecursionVersion.csproj", "{4E2A9F60-8BA3-4A32-9812-1332512EF330}"
EndProject
Project("{2150E333-8FDC-42A3-9474-1A3956D46DE8}") = "Solution Items", "Solution Items", "{87D8EFAD-9879-4B2A-9530-50BBCBF27F72}"
	ProjectSection(SolutionItems) = preProject
		.gitignore = .gitignore
	EndProjectSection
EndProject
Global
	GlobalSection(SolutionConfigurationPlatforms) = preSolution
		Debug|Any CPU = Debug|Any CPU
		Release|Any CPU = Release|Any CPU
	EndGlobalSection
	GlobalSection(ProjectConfigurationPlatforms) = postSolution
		{4E2A9F60-8BA3-4A32-9812-1332512EF330}.Debug|Any CPU.ActiveCfg = Debug|Any CPU
		{4E2A9F60-8BA3-4A32-9812-1332512EF330}.Debug|Any CPU.Build.0 = Debug|Any CPU
		{4E2A9F60-8BA3-4A32-9812-1332512EF330}.Release|Any CPU.ActiveCfg = Release|Any CPU
		{4E2A9F60-8BA3-4A32-9812-1332512EF330}.Release|Any CPU.Build.0 = Release|Any CPU
	EndGlobalSection
	GlobalSection(SolutionProperties) = preSolution
		HideSolutionNode = FALSE
	EndGlobalSection
	GlobalSection(ExtensibilityGlobals) = postSolution
		SolutionGuid = {61A85701-0A2F-4009-A513-899B02F81F81}
	EndGlobalSection
EndGlobal
